// !$*UTF8*$!
{
	archiveVersion = 1;
	classes = {
	};
	objectVersion = 51;
	objects = {

/* Begin PBXBuildFile section */
		8404EA2F26ABBB1700C51BAE /* MessengerTableViewCell.swift in Sources */ = {isa = PBXBuildFile; fileRef = 8404EA2D26ABBB1700C51BAE /* MessengerTableViewCell.swift */; };
		8404EA3026ABBB1700C51BAE /* MessengerTableViewCell.xib in Resources */ = {isa = PBXBuildFile; fileRef = 8404EA2E26ABBB1700C51BAE /* MessengerTableViewCell.xib */; };
		8429F64226AC196200BB2216 /* HeaderMessenger.swift in Sources */ = {isa = PBXBuildFile; fileRef = 8429F64126AC196200BB2216 /* HeaderMessenger.swift */; };
		8429F64426AC197200BB2216 /* HeaderMessenger.xib in Resources */ = {isa = PBXBuildFile; fileRef = 8429F64326AC197200BB2216 /* HeaderMessenger.xib */; };
		8438364D26A9C8EE0090D85A /* LoginController.swift in Sources */ = {isa = PBXBuildFile; fileRef = 8438364B26A9C8EE0090D85A /* LoginController.swift */; };
		8438364E26A9C8EE0090D85A /* LoginController.xib in Resources */ = {isa = PBXBuildFile; fileRef = 8438364C26A9C8EE0090D85A /* LoginController.xib */; };
		8439549D24AB462800EA9FA5 /* ChatViewController.swift in Sources */ = {isa = PBXBuildFile; fileRef = 8439549C24AB462800EA9FA5 /* ChatViewController.swift */; };
		84653DA824A0FA2500D05E14 /* DatabaseManager.swift in Sources */ = {isa = PBXBuildFile; fileRef = 84653DA724A0FA2500D05E14 /* DatabaseManager.swift */; };
		8467382124ACD4E80046271E /* StorageManager.swift in Sources */ = {isa = PBXBuildFile; fileRef = 8467382024ACD4E80046271E /* StorageManager.swift */; };
		8493CBF7249E5C3B00BE5E06 /* AppDelegate.swift in Sources */ = {isa = PBXBuildFile; fileRef = 8493CBF6249E5C3B00BE5E06 /* AppDelegate.swift */; };
		8493CBF9249E5C3B00BE5E06 /* SceneDelegate.swift in Sources */ = {isa = PBXBuildFile; fileRef = 8493CBF8249E5C3B00BE5E06 /* SceneDelegate.swift */; };
		8493CBFB249E5C3B00BE5E06 /* ConversationsViewController.swift in Sources */ = {isa = PBXBuildFile; fileRef = 8493CBFA249E5C3B00BE5E06 /* ConversationsViewController.swift */; };
		8493CBFE249E5C3B00BE5E06 /* Main.storyboard in Resources */ = {isa = PBXBuildFile; fileRef = 8493CBFC249E5C3B00BE5E06 /* Main.storyboard */; };
		8493CC00249E5C3D00BE5E06 /* Assets.xcassets in Resources */ = {isa = PBXBuildFile; fileRef = 8493CBFF249E5C3D00BE5E06 /* Assets.xcassets */; };
		8493CC03249E5C3D00BE5E06 /* LaunchScreen.storyboard in Resources */ = {isa = PBXBuildFile; fileRef = 8493CC01249E5C3D00BE5E06 /* LaunchScreen.storyboard */; };
		8493CC11249E639C00BE5E06 /* LoginViewController.swift in Sources */ = {isa = PBXBuildFile; fileRef = 8493CC10249E639C00BE5E06 /* LoginViewController.swift */; };
		8493CC13249E63D400BE5E06 /* RegisterViewController.swift in Sources */ = {isa = PBXBuildFile; fileRef = 8493CC12249E63D400BE5E06 /* RegisterViewController.swift */; };
		8493CC15249E642D00BE5E06 /* PhotoviewerViewController.swift in Sources */ = {isa = PBXBuildFile; fileRef = 8493CC14249E642D00BE5E06 /* PhotoviewerViewController.swift */; };
		8493CC17249E645600BE5E06 /* VideoPlayerViewController.swift in Sources */ = {isa = PBXBuildFile; fileRef = 8493CC16249E645600BE5E06 /* VideoPlayerViewController.swift */; };
		8493CC19249E64BA00BE5E06 /* NewConversationViewController.swift in Sources */ = {isa = PBXBuildFile; fileRef = 8493CC18249E64BA00BE5E06 /* NewConversationViewController.swift */; };
		8493CC1B249E64FD00BE5E06 /* ProfileViewController.swift in Sources */ = {isa = PBXBuildFile; fileRef = 8493CC1A249E64FD00BE5E06 /* ProfileViewController.swift */; };
		849F66D724A0A3F5005E8E83 /* GoogleService-Info.plist in Resources */ = {isa = PBXBuildFile; fileRef = 849F66D624A0A3F5005E8E83 /* GoogleService-Info.plist */; };
		84C5505426AB15670082DC6D /* ExtensionColor.swift in Sources */ = {isa = PBXBuildFile; fileRef = 84C5505326AB15670082DC6D /* ExtensionColor.swift */; };
		84C5505926AB16460082DC6D /* RegisterController.swift in Sources */ = {isa = PBXBuildFile; fileRef = 84C5505726AB16460082DC6D /* RegisterController.swift */; };
		84C5505A26AB16460082DC6D /* RegisterController.xib in Resources */ = {isa = PBXBuildFile; fileRef = 84C5505826AB16460082DC6D /* RegisterController.xib */; };
		84C5505E26AB17EE0082DC6D /* MessengerController.swift in Sources */ = {isa = PBXBuildFile; fileRef = 84C5505C26AB17EE0082DC6D /* MessengerController.swift */; };
		84C5505F26AB17EE0082DC6D /* MessengerController.xib in Resources */ = {isa = PBXBuildFile; fileRef = 84C5505D26AB17EE0082DC6D /* MessengerController.xib */; };
		84C5506326AB201D0082DC6D /* FriendController.swift in Sources */ = {isa = PBXBuildFile; fileRef = 84C5506126AB201D0082DC6D /* FriendController.swift */; };
		84C5506426AB201D0082DC6D /* FriendController.xib in Resources */ = {isa = PBXBuildFile; fileRef = 84C5506226AB201D0082DC6D /* FriendController.xib */; };
		84C5506826AB203D0082DC6D /* PersonController.swift in Sources */ = {isa = PBXBuildFile; fileRef = 84C5506626AB203D0082DC6D /* PersonController.swift */; };
		84C5506926AB203D0082DC6D /* PersonController.xib in Resources */ = {isa = PBXBuildFile; fileRef = 84C5506726AB203D0082DC6D /* PersonController.xib */; };
		84C5506C26AB33EC0082DC6D /* TabbarController.swift in Sources */ = {isa = PBXBuildFile; fileRef = 84C5506B26AB33EC0082DC6D /* TabbarController.swift */; };
		84FCE906249F341E009954CA /* Extensions.swift in Sources */ = {isa = PBXBuildFile; fileRef = 84FCE905249F341E009954CA /* Extensions.swift */; };
		ADDB2198F79C4EE31B1C976D /* Pods_Messenger.framework in Frameworks */ = {isa = PBXBuildFile; fileRef = C90E50CA0A7AC16314075CA4 /* Pods_Messenger.framework */; };
/* End PBXBuildFile section */

/* Begin PBXFileReference section */
		46B0983330EB24445AC8798F /* Pods-Messenger.release.xcconfig */ = {isa = PBXFileReference; includeInIndex = 1; lastKnownFileType = text.xcconfig; name = "Pods-Messenger.release.xcconfig"; path = "Target Support Files/Pods-Messenger/Pods-Messenger.release.xcconfig"; sourceTree = "<group>"; };
		8404EA2D26ABBB1700C51BAE /* MessengerTableViewCell.swift */ = {isa = PBXFileReference; lastKnownFileType = sourcecode.swift; path = MessengerTableViewCell.swift; sourceTree = "<group>"; };
		8404EA2E26ABBB1700C51BAE /* MessengerTableViewCell.xib */ = {isa = PBXFileReference; lastKnownFileType = file.xib; path = MessengerTableViewCell.xib; sourceTree = "<group>"; };
		8429F64126AC196200BB2216 /* HeaderMessenger.swift */ = {isa = PBXFileReference; lastKnownFileType = sourcecode.swift; path = HeaderMessenger.swift; sourceTree = "<group>"; };
		8429F64326AC197200BB2216 /* HeaderMessenger.xib */ = {isa = PBXFileReference; lastKnownFileType = file.xib; path = HeaderMessenger.xib; sourceTree = "<group>"; };
		8438364B26A9C8EE0090D85A /* LoginController.swift */ = {isa = PBXFileReference; lastKnownFileType = sourcecode.swift; path = LoginController.swift; sourceTree = "<group>"; };
		8438364C26A9C8EE0090D85A /* LoginController.xib */ = {isa = PBXFileReference; lastKnownFileType = file.xib; path = LoginController.xib; sourceTree = "<group>"; };
		8439549C24AB462800EA9FA5 /* ChatViewController.swift */ = {isa = PBXFileReference; lastKnownFileType = sourcecode.swift; path = ChatViewController.swift; sourceTree = "<group>"; };
		84653DA724A0FA2500D05E14 /* DatabaseManager.swift */ = {isa = PBXFileReference; lastKnownFileType = sourcecode.swift; path = DatabaseManager.swift; sourceTree = "<group>"; };
		8467382024ACD4E80046271E /* StorageManager.swift */ = {isa = PBXFileReference; lastKnownFileType = sourcecode.swift; path = StorageManager.swift; sourceTree = "<group>"; };
		8493CBF3249E5C3B00BE5E06 /* Messenger.app */ = {isa = PBXFileReference; explicitFileType = wrapper.application; includeInIndex = 0; path = Messenger.app; sourceTree = BUILT_PRODUCTS_DIR; };
		8493CBF6249E5C3B00BE5E06 /* AppDelegate.swift */ = {isa = PBXFileReference; lastKnownFileType = sourcecode.swift; path = AppDelegate.swift; sourceTree = "<group>"; };
		8493CBF8249E5C3B00BE5E06 /* SceneDelegate.swift */ = {isa = PBXFileReference; lastKnownFileType = sourcecode.swift; path = SceneDelegate.swift; sourceTree = "<group>"; };
		8493CBFA249E5C3B00BE5E06 /* ConversationsViewController.swift */ = {isa = PBXFileReference; lastKnownFileType = sourcecode.swift; path = ConversationsViewController.swift; sourceTree = "<group>"; };
		8493CBFD249E5C3B00BE5E06 /* Base */ = {isa = PBXFileReference; lastKnownFileType = file.storyboard; name = Base; path = Base.lproj/Main.storyboard; sourceTree = "<group>"; };
		8493CBFF249E5C3D00BE5E06 /* Assets.xcassets */ = {isa = PBXFileReference; lastKnownFileType = folder.assetcatalog; path = Assets.xcassets; sourceTree = "<group>"; };
		8493CC02249E5C3D00BE5E06 /* Base */ = {isa = PBXFileReference; lastKnownFileType = file.storyboard; name = Base; path = Base.lproj/LaunchScreen.storyboard; sourceTree = "<group>"; };
		8493CC04249E5C3D00BE5E06 /* Info.plist */ = {isa = PBXFileReference; lastKnownFileType = text.plist.xml; path = Info.plist; sourceTree = "<group>"; };
		8493CC10249E639C00BE5E06 /* LoginViewController.swift */ = {isa = PBXFileReference; lastKnownFileType = sourcecode.swift; path = LoginViewController.swift; sourceTree = "<group>"; };
		8493CC12249E63D400BE5E06 /* RegisterViewController.swift */ = {isa = PBXFileReference; lastKnownFileType = sourcecode.swift; path = RegisterViewController.swift; sourceTree = "<group>"; };
		8493CC14249E642D00BE5E06 /* PhotoviewerViewController.swift */ = {isa = PBXFileReference; lastKnownFileType = sourcecode.swift; path = PhotoviewerViewController.swift; sourceTree = "<group>"; };
		8493CC16249E645600BE5E06 /* VideoPlayerViewController.swift */ = {isa = PBXFileReference; lastKnownFileType = sourcecode.swift; path = VideoPlayerViewController.swift; sourceTree = "<group>"; };
		8493CC18249E64BA00BE5E06 /* NewConversationViewController.swift */ = {isa = PBXFileReference; lastKnownFileType = sourcecode.swift; path = NewConversationViewController.swift; sourceTree = "<group>"; };
		8493CC1A249E64FD00BE5E06 /* ProfileViewController.swift */ = {isa = PBXFileReference; lastKnownFileType = sourcecode.swift; path = ProfileViewController.swift; sourceTree = "<group>"; };
		849F66D624A0A3F5005E8E83 /* GoogleService-Info.plist */ = {isa = PBXFileReference; fileEncoding = 4; lastKnownFileType = text.plist.xml; path = "GoogleService-Info.plist"; sourceTree = "<group>"; };
		84C5505326AB15670082DC6D /* ExtensionColor.swift */ = {isa = PBXFileReference; lastKnownFileType = sourcecode.swift; path = ExtensionColor.swift; sourceTree = "<group>"; };
		84C5505726AB16460082DC6D /* RegisterController.swift */ = {isa = PBXFileReference; lastKnownFileType = sourcecode.swift; path = RegisterController.swift; sourceTree = "<group>"; };
		84C5505826AB16460082DC6D /* RegisterController.xib */ = {isa = PBXFileReference; lastKnownFileType = file.xib; path = RegisterController.xib; sourceTree = "<group>"; };
		84C5505C26AB17EE0082DC6D /* MessengerController.swift */ = {isa = PBXFileReference; lastKnownFileType = sourcecode.swift; path = MessengerController.swift; sourceTree = "<group>"; };
		84C5505D26AB17EE0082DC6D /* MessengerController.xib */ = {isa = PBXFileReference; lastKnownFileType = file.xib; path = MessengerController.xib; sourceTree = "<group>"; };
		84C5506126AB201D0082DC6D /* FriendController.swift */ = {isa = PBXFileReference; lastKnownFileType = sourcecode.swift; path = FriendController.swift; sourceTree = "<group>"; };
		84C5506226AB201D0082DC6D /* FriendController.xib */ = {isa = PBXFileReference; lastKnownFileType = file.xib; path = FriendController.xib; sourceTree = "<group>"; };
		84C5506626AB203D0082DC6D /* PersonController.swift */ = {isa = PBXFileReference; lastKnownFileType = sourcecode.swift; path = PersonController.swift; sourceTree = "<group>"; };
		84C5506726AB203D0082DC6D /* PersonController.xib */ = {isa = PBXFileReference; lastKnownFileType = file.xib; path = PersonController.xib; sourceTree = "<group>"; };
		84C5506B26AB33EC0082DC6D /* TabbarController.swift */ = {isa = PBXFileReference; lastKnownFileType = sourcecode.swift; path = TabbarController.swift; sourceTree = "<group>"; };
		84FCE905249F341E009954CA /* Extensions.swift */ = {isa = PBXFileReference; lastKnownFileType = sourcecode.swift; path = Extensions.swift; sourceTree = "<group>"; };
		9A8EA396C004C3B6969030B2 /* Pods-Messenger.debug.xcconfig */ = {isa = PBXFileReference; includeInIndex = 1; lastKnownFileType = text.xcconfig; name = "Pods-Messenger.debug.xcconfig"; path = "Target Support Files/Pods-Messenger/Pods-Messenger.debug.xcconfig"; sourceTree = "<group>"; };
		C90E50CA0A7AC16314075CA4 /* Pods_Messenger.framework */ = {isa = PBXFileReference; explicitFileType = wrapper.framework; includeInIndex = 0; path = Pods_Messenger.framework; sourceTree = BUILT_PRODUCTS_DIR; };
/* End PBXFileReference section */

/* Begin PBXFrameworksBuildPhase section */
		8493CBF0249E5C3B00BE5E06 /* Frameworks */ = {
			isa = PBXFrameworksBuildPhase;
			buildActionMask = 2147483647;
			files = (
				ADDB2198F79C4EE31B1C976D /* Pods_Messenger.framework in Frameworks */,
			);
			runOnlyForDeploymentPostprocessing = 0;
		};
/* End PBXFrameworksBuildPhase section */

/* Begin PBXGroup section */
		8404EA2C26ABBAF400C51BAE /* MessengerCell */ = {
			isa = PBXGroup;
			children = (
				8404EA2D26ABBB1700C51BAE /* MessengerTableViewCell.swift */,
				8404EA2E26ABBB1700C51BAE /* MessengerTableViewCell.xib */,
				8429F64126AC196200BB2216 /* HeaderMessenger.swift */,
				8429F64326AC197200BB2216 /* HeaderMessenger.xib */,
			);
			path = MessengerCell;
			sourceTree = "<group>";
		};
		8416DFB9249F06DB00B2C13B /* Login */ = {
			isa = PBXGroup;
			children = (
				8493CC10249E639C00BE5E06 /* LoginViewController.swift */,
				8493CC12249E63D400BE5E06 /* RegisterViewController.swift */,
			);
			path = Login;
			sourceTree = "<group>";
		};
		8438364826A9C8370090D85A /* Main */ = {
			isa = PBXGroup;
			children = (
				8493CC0A249E606E00BE5E06 /* Controllers */,
			);
			path = Main;
			sourceTree = "<group>";
		};
		8438364926A9C8C70090D85A /* CodeApp */ = {
			isa = PBXGroup;
			children = (
				84C5505526AB16200082DC6D /* Controller */,
				84C5505226AB154E0082DC6D /* Extension+Color */,
			);
			path = CodeApp;
			sourceTree = "<group>";
		};
		8438364A26A9C8D70090D85A /* LoginController */ = {
			isa = PBXGroup;
			children = (
				8438364B26A9C8EE0090D85A /* LoginController.swift */,
				8438364C26A9C8EE0090D85A /* LoginController.xib */,
			);
			path = LoginController;
			sourceTree = "<group>";
		};
		8493CBEA249E5C3B00BE5E06 = {
			isa = PBXGroup;
			children = (
				8493CBF5249E5C3B00BE5E06 /* Messenger */,
				8493CBF4249E5C3B00BE5E06 /* Products */,
				D6B9C8FC24A0625EB662B686 /* Pods */,
				F07080C8B4237C37B4733842 /* Frameworks */,
			);
			sourceTree = "<group>";
		};
		8493CBF4249E5C3B00BE5E06 /* Products */ = {
			isa = PBXGroup;
			children = (
				8493CBF3249E5C3B00BE5E06 /* Messenger.app */,
			);
			name = Products;
			sourceTree = "<group>";
		};
		8493CBF5249E5C3B00BE5E06 /* Messenger */ = {
			isa = PBXGroup;
			children = (
				8438364926A9C8C70090D85A /* CodeApp */,
				8493CBFF249E5C3D00BE5E06 /* Assets.xcassets */,
				8438364826A9C8370090D85A /* Main */,
				8493CC0E249E60CE00BE5E06 /* Resources */,
				8493CC04249E5C3D00BE5E06 /* Info.plist */,
			);
			path = Messenger;
			sourceTree = "<group>";
		};
		8493CC0A249E606E00BE5E06 /* Controllers */ = {
			isa = PBXGroup;
			children = (
				8493CBFA249E5C3B00BE5E06 /* ConversationsViewController.swift */,
				8416DFB9249F06DB00B2C13B /* Login */,
				8493CC14249E642D00BE5E06 /* PhotoviewerViewController.swift */,
				8493CC16249E645600BE5E06 /* VideoPlayerViewController.swift */,
				8493CC18249E64BA00BE5E06 /* NewConversationViewController.swift */,
				8493CC1A249E64FD00BE5E06 /* ProfileViewController.swift */,
				8439549C24AB462800EA9FA5 /* ChatViewController.swift */,
			);
			path = Controllers;
			sourceTree = "<group>";
		};
		8493CC0E249E60CE00BE5E06 /* Resources */ = {
			isa = PBXGroup;
			children = (
				8493CBFC249E5C3B00BE5E06 /* Main.storyboard */,
				8493CC01249E5C3D00BE5E06 /* LaunchScreen.storyboard */,
				849F66D624A0A3F5005E8E83 /* GoogleService-Info.plist */,
				8493CBF6249E5C3B00BE5E06 /* AppDelegate.swift */,
				8493CBF8249E5C3B00BE5E06 /* SceneDelegate.swift */,
				84FCE905249F341E009954CA /* Extensions.swift */,
				84653DA724A0FA2500D05E14 /* DatabaseManager.swift */,
				8467382024ACD4E80046271E /* StorageManager.swift */,
			);
			path = Resources;
			sourceTree = "<group>";
		};
		84C5505226AB154E0082DC6D /* Extension+Color */ = {
			isa = PBXGroup;
			children = (
				84C5505326AB15670082DC6D /* ExtensionColor.swift */,
			);
			path = "Extension+Color";
			sourceTree = "<group>";
		};
		84C5505526AB16200082DC6D /* Controller */ = {
			isa = PBXGroup;
			children = (
				84C5506A26AB33D50082DC6D /* TabbarController */,
				84C5506526AB20240082DC6D /* PersonController */,
				84C5506026AB1FF60082DC6D /* FriendController */,
				84C5505B26AB17CB0082DC6D /* MessengerController */,
				84C5505626AB162C0082DC6D /* RegisterController */,
				8438364A26A9C8D70090D85A /* LoginController */,
			);
			path = Controller;
			sourceTree = "<group>";
		};
		84C5505626AB162C0082DC6D /* RegisterController */ = {
			isa = PBXGroup;
			children = (
				84C5505726AB16460082DC6D /* RegisterController.swift */,
				84C5505826AB16460082DC6D /* RegisterController.xib */,
			);
			path = RegisterController;
			sourceTree = "<group>";
		};
		84C5505B26AB17CB0082DC6D /* MessengerController */ = {
			isa = PBXGroup;
			children = (
				8404EA2C26ABBAF400C51BAE /* MessengerCell */,
				84C5505C26AB17EE0082DC6D /* MessengerController.swift */,
				84C5505D26AB17EE0082DC6D /* MessengerController.xib */,
			);
			path = MessengerController;
			sourceTree = "<group>";
		};
		84C5506026AB1FF60082DC6D /* FriendController */ = {
			isa = PBXGroup;
			children = (
				84C5506126AB201D0082DC6D /* FriendController.swift */,
				84C5506226AB201D0082DC6D /* FriendController.xib */,
			);
			path = FriendController;
			sourceTree = "<group>";
		};
		84C5506526AB20240082DC6D /* PersonController */ = {
			isa = PBXGroup;
			children = (
				84C5506626AB203D0082DC6D /* PersonController.swift */,
				84C5506726AB203D0082DC6D /* PersonController.xib */,
			);
			path = PersonController;
			sourceTree = "<group>";
		};
		84C5506A26AB33D50082DC6D /* TabbarController */ = {
			isa = PBXGroup;
			children = (
				84C5506B26AB33EC0082DC6D /* TabbarController.swift */,
			);
			path = TabbarController;
			sourceTree = "<group>";
		};
		D6B9C8FC24A0625EB662B686 /* Pods */ = {
			isa = PBXGroup;
			children = (
				9A8EA396C004C3B6969030B2 /* Pods-Messenger.debug.xcconfig */,
				46B0983330EB24445AC8798F /* Pods-Messenger.release.xcconfig */,
			);
			path = Pods;
			sourceTree = "<group>";
		};
		F07080C8B4237C37B4733842 /* Frameworks */ = {
			isa = PBXGroup;
			children = (
				C90E50CA0A7AC16314075CA4 /* Pods_Messenger.framework */,
			);
			name = Frameworks;
			sourceTree = "<group>";
		};
/* End PBXGroup section */

/* Begin PBXNativeTarget section */
		8493CBF2249E5C3B00BE5E06 /* Messenger */ = {
			isa = PBXNativeTarget;
			buildConfigurationList = 8493CC07249E5C3D00BE5E06 /* Build configuration list for PBXNativeTarget "Messenger" */;
			buildPhases = (
				42302FA4508F7CD619EF61D7 /* [CP] Check Pods Manifest.lock */,
				8493CBEF249E5C3B00BE5E06 /* Sources */,
				8493CBF0249E5C3B00BE5E06 /* Frameworks */,
				8493CBF1249E5C3B00BE5E06 /* Resources */,
				697D3FED5E56E5FFFE0BB71D /* [CP] Embed Pods Frameworks */,
				27E7D7A7EABB532CACC4848A /* [CP] Copy Pods Resources */,
			);
			buildRules = (
			);
			dependencies = (
			);
			name = Messenger;
			productName = Messenger;
			productReference = 8493CBF3249E5C3B00BE5E06 /* Messenger.app */;
			productType = "com.apple.product-type.application";
		};
/* End PBXNativeTarget section */

/* Begin PBXProject section */
		8493CBEB249E5C3B00BE5E06 /* Project object */ = {
			isa = PBXProject;
			attributes = {
				LastSwiftUpdateCheck = 1100;
				LastUpgradeCheck = 1100;
				ORGANIZATIONNAME = Long;
				TargetAttributes = {
					8493CBF2249E5C3B00BE5E06 = {
						CreatedOnToolsVersion = 11.0;
					};
				};
			};
			buildConfigurationList = 8493CBEE249E5C3B00BE5E06 /* Build configuration list for PBXProject "Messenger" */;
			compatibilityVersion = "Xcode 9.3";
			developmentRegion = en;
			hasScannedForEncodings = 0;
			knownRegions = (
				en,
				Base,
			);
			mainGroup = 8493CBEA249E5C3B00BE5E06;
			productRefGroup = 8493CBF4249E5C3B00BE5E06 /* Products */;
			projectDirPath = "";
			projectRoot = "";
			targets = (
				8493CBF2249E5C3B00BE5E06 /* Messenger */,
			);
		};
/* End PBXProject section */

/* Begin PBXResourcesBuildPhase section */
		8493CBF1249E5C3B00BE5E06 /* Resources */ = {
			isa = PBXResourcesBuildPhase;
			buildActionMask = 2147483647;
			files = (
				8493CC03249E5C3D00BE5E06 /* LaunchScreen.storyboard in Resources */,
				84C5506426AB201D0082DC6D /* FriendController.xib in Resources */,
				849F66D724A0A3F5005E8E83 /* GoogleService-Info.plist in Resources */,
				84C5505A26AB16460082DC6D /* RegisterController.xib in Resources */,
				84C5506926AB203D0082DC6D /* PersonController.xib in Resources */,
				8493CC00249E5C3D00BE5E06 /* Assets.xcassets in Resources */,
				8438364E26A9C8EE0090D85A /* LoginController.xib in Resources */,
				84C5505F26AB17EE0082DC6D /* MessengerController.xib in Resources */,
				8493CBFE249E5C3B00BE5E06 /* Main.storyboard in Resources */,
				8429F64426AC197200BB2216 /* HeaderMessenger.xib in Resources */,
				8404EA3026ABBB1700C51BAE /* MessengerTableViewCell.xib in Resources */,
			);
			runOnlyForDeploymentPostprocessing = 0;
		};
/* End PBXResourcesBuildPhase section */

/* Begin PBXShellScriptBuildPhase section */
		27E7D7A7EABB532CACC4848A /* [CP] Copy Pods Resources */ = {
			isa = PBXShellScriptBuildPhase;
			buildActionMask = 2147483647;
			files = (
			);
			inputFileListPaths = (
				"${PODS_ROOT}/Target Support Files/Pods-Messenger/Pods-Messenger-resources-${CONFIGURATION}-input-files.xcfilelist",
			);
			name = "[CP] Copy Pods Resources";
			outputFileListPaths = (
				"${PODS_ROOT}/Target Support Files/Pods-Messenger/Pods-Messenger-resources-${CONFIGURATION}-output-files.xcfilelist",
			);
			runOnlyForDeploymentPostprocessing = 0;
			shellPath = /bin/sh;
			shellScript = "\"${PODS_ROOT}/Target Support Files/Pods-Messenger/Pods-Messenger-resources.sh\"\n";
			showEnvVarsInLog = 0;
		};
		42302FA4508F7CD619EF61D7 /* [CP] Check Pods Manifest.lock */ = {
			isa = PBXShellScriptBuildPhase;
			buildActionMask = 2147483647;
			files = (
			);
			inputFileListPaths = (
			);
			inputPaths = (
				"${PODS_PODFILE_DIR_PATH}/Podfile.lock",
				"${PODS_ROOT}/Manifest.lock",
			);
			name = "[CP] Check Pods Manifest.lock";
			outputFileListPaths = (
			);
			outputPaths = (
				"$(DERIVED_FILE_DIR)/Pods-Messenger-checkManifestLockResult.txt",
			);
			runOnlyForDeploymentPostprocessing = 0;
			shellPath = /bin/sh;
			shellScript = "diff \"${PODS_PODFILE_DIR_PATH}/Podfile.lock\" \"${PODS_ROOT}/Manifest.lock\" > /dev/null\nif [ $? != 0 ] ; then\n    # print error to STDERR\n    echo \"error: The sandbox is not in sync with the Podfile.lock. Run 'pod install' or update your CocoaPods installation.\" >&2\n    exit 1\nfi\n# This output is used by Xcode 'outputs' to avoid re-running this script phase.\necho \"SUCCESS\" > \"${SCRIPT_OUTPUT_FILE_0}\"\n";
			showEnvVarsInLog = 0;
		};
		697D3FED5E56E5FFFE0BB71D /* [CP] Embed Pods Frameworks */ = {
			isa = PBXShellScriptBuildPhase;
			buildActionMask = 2147483647;
			files = (
			);
			inputFileListPaths = (
				"${PODS_ROOT}/Target Support Files/Pods-Messenger/Pods-Messenger-frameworks-${CONFIGURATION}-input-files.xcfilelist",
			);
			name = "[CP] Embed Pods Frameworks";
			outputFileListPaths = (
				"${PODS_ROOT}/Target Support Files/Pods-Messenger/Pods-Messenger-frameworks-${CONFIGURATION}-output-files.xcfilelist",
			);
			runOnlyForDeploymentPostprocessing = 0;
			shellPath = /bin/sh;
			shellScript = "\"${PODS_ROOT}/Target Support Files/Pods-Messenger/Pods-Messenger-frameworks.sh\"\n";
			showEnvVarsInLog = 0;
		};
/* End PBXShellScriptBuildPhase section */

/* Begin PBXSourcesBuildPhase section */
		8493CBEF249E5C3B00BE5E06 /* Sources */ = {
			isa = PBXSourcesBuildPhase;
			buildActionMask = 2147483647;
			files = (
				8493CC11249E639C00BE5E06 /* LoginViewController.swift in Sources */,
				84653DA824A0FA2500D05E14 /* DatabaseManager.swift in Sources */,
				8429F64226AC196200BB2216 /* HeaderMessenger.swift in Sources */,
				8404EA2F26ABBB1700C51BAE /* MessengerTableViewCell.swift in Sources */,
				84C5506826AB203D0082DC6D /* PersonController.swift in Sources */,
				8493CC13249E63D400BE5E06 /* RegisterViewController.swift in Sources */,
				8493CC19249E64BA00BE5E06 /* NewConversationViewController.swift in Sources */,
				8493CBFB249E5C3B00BE5E06 /* ConversationsViewController.swift in Sources */,
				8493CC17249E645600BE5E06 /* VideoPlayerViewController.swift in Sources */,
				84FCE906249F341E009954CA /* Extensions.swift in Sources */,
				84C5506326AB201D0082DC6D /* FriendController.swift in Sources */,
				8493CBF7249E5C3B00BE5E06 /* AppDelegate.swift in Sources */,
				8493CC1B249E64FD00BE5E06 /* ProfileViewController.swift in Sources */,
				8493CBF9249E5C3B00BE5E06 /* SceneDelegate.swift in Sources */,
				8439549D24AB462800EA9FA5 /* ChatViewController.swift in Sources */,
				84C5506C26AB33EC0082DC6D /* TabbarController.swift in Sources */,
				8493CC15249E642D00BE5E06 /* PhotoviewerViewController.swift in Sources */,
				84C5505926AB16460082DC6D /* RegisterController.swift in Sources */,
				8467382124ACD4E80046271E /* StorageManager.swift in Sources */,
				84C5505E26AB17EE0082DC6D /* MessengerController.swift in Sources */,
				8438364D26A9C8EE0090D85A /* LoginController.swift in Sources */,
				84C5505426AB15670082DC6D /* ExtensionColor.swift in Sources */,
			);
			runOnlyForDeploymentPostprocessing = 0;
		};
/* End PBXSourcesBuildPhase section */

/* Begin PBXVariantGroup section */
		8493CBFC249E5C3B00BE5E06 /* Main.storyboard */ = {
			isa = PBXVariantGroup;
			children = (
				8493CBFD249E5C3B00BE5E06 /* Base */,
			);
			name = Main.storyboard;
			sourceTree = "<group>";
		};
		8493CC01249E5C3D00BE5E06 /* LaunchScreen.storyboard */ = {
			isa = PBXVariantGroup;
			children = (
				8493CC02249E5C3D00BE5E06 /* Base */,
			);
			name = LaunchScreen.storyboard;
			sourceTree = "<group>";
		};
/* End PBXVariantGroup section */

/* Begin XCBuildConfiguration section */
		8493CC05249E5C3D00BE5E06 /* Debug */ = {
			isa = XCBuildConfiguration;
			buildSettings = {
				ALWAYS_SEARCH_USER_PATHS = NO;
				CLANG_ANALYZER_NONNULL = YES;
				CLANG_ANALYZER_NUMBER_OBJECT_CONVERSION = YES_AGGRESSIVE;
				CLANG_CXX_LANGUAGE_STANDARD = "gnu++14";
				CLANG_CXX_LIBRARY = "libc++";
				CLANG_ENABLE_MODULES = YES;
				CLANG_ENABLE_OBJC_ARC = YES;
				CLANG_ENABLE_OBJC_WEAK = YES;
				CLANG_WARN_BLOCK_CAPTURE_AUTORELEASING = YES;
				CLANG_WARN_BOOL_CONVERSION = YES;
				CLANG_WARN_COMMA = YES;
				CLANG_WARN_CONSTANT_CONVERSION = YES;
				CLANG_WARN_DEPRECATED_OBJC_IMPLEMENTATIONS = YES;
				CLANG_WARN_DIRECT_OBJC_ISA_USAGE = YES_ERROR;
				CLANG_WARN_DOCUMENTATION_COMMENTS = YES;
				CLANG_WARN_EMPTY_BODY = YES;
				CLANG_WARN_ENUM_CONVERSION = YES;
				CLANG_WARN_INFINITE_RECURSION = YES;
				CLANG_WARN_INT_CONVERSION = YES;
				CLANG_WARN_NON_LITERAL_NULL_CONVERSION = YES;
				CLANG_WARN_OBJC_IMPLICIT_RETAIN_SELF = YES;
				CLANG_WARN_OBJC_LITERAL_CONVERSION = YES;
				CLANG_WARN_OBJC_ROOT_CLASS = YES_ERROR;
				CLANG_WARN_RANGE_LOOP_ANALYSIS = YES;
				CLANG_WARN_STRICT_PROTOTYPES = YES;
				CLANG_WARN_SUSPICIOUS_MOVE = YES;
				CLANG_WARN_UNGUARDED_AVAILABILITY = YES_AGGRESSIVE;
				CLANG_WARN_UNREACHABLE_CODE = YES;
				CLANG_WARN__DUPLICATE_METHOD_MATCH = YES;
				COPY_PHASE_STRIP = NO;
				DEBUG_INFORMATION_FORMAT = dwarf;
				ENABLE_STRICT_OBJC_MSGSEND = YES;
				ENABLE_TESTABILITY = YES;
				GCC_C_LANGUAGE_STANDARD = gnu11;
				GCC_DYNAMIC_NO_PIC = NO;
				GCC_NO_COMMON_BLOCKS = YES;
				GCC_OPTIMIZATION_LEVEL = 0;
				GCC_PREPROCESSOR_DEFINITIONS = (
					"DEBUG=1",
					"$(inherited)",
				);
				GCC_WARN_64_TO_32_BIT_CONVERSION = YES;
				GCC_WARN_ABOUT_RETURN_TYPE = YES_ERROR;
				GCC_WARN_UNDECLARED_SELECTOR = YES;
				GCC_WARN_UNINITIALIZED_AUTOS = YES_AGGRESSIVE;
				GCC_WARN_UNUSED_FUNCTION = YES;
				GCC_WARN_UNUSED_VARIABLE = YES;
				IPHONEOS_DEPLOYMENT_TARGET = 13.0;
				MTL_ENABLE_DEBUG_INFO = INCLUDE_SOURCE;
				MTL_FAST_MATH = YES;
				ONLY_ACTIVE_ARCH = YES;
				SDKROOT = iphoneos;
				SWIFT_ACTIVE_COMPILATION_CONDITIONS = DEBUG;
				SWIFT_OPTIMIZATION_LEVEL = "-Onone";
			};
			name = Debug;
		};
		8493CC06249E5C3D00BE5E06 /* Release */ = {
			isa = XCBuildConfiguration;
			buildSettings = {
				ALWAYS_SEARCH_USER_PATHS = NO;
				CLANG_ANALYZER_NONNULL = YES;
				CLANG_ANALYZER_NUMBER_OBJECT_CONVERSION = YES_AGGRESSIVE;
				CLANG_CXX_LANGUAGE_STANDARD = "gnu++14";
				CLANG_CXX_LIBRARY = "libc++";
				CLANG_ENABLE_MODULES = YES;
				CLANG_ENABLE_OBJC_ARC = YES;
				CLANG_ENABLE_OBJC_WEAK = YES;
				CLANG_WARN_BLOCK_CAPTURE_AUTORELEASING = YES;
				CLANG_WARN_BOOL_CONVERSION = YES;
				CLANG_WARN_COMMA = YES;
				CLANG_WARN_CONSTANT_CONVERSION = YES;
				CLANG_WARN_DEPRECATED_OBJC_IMPLEMENTATIONS = YES;
				CLANG_WARN_DIRECT_OBJC_ISA_USAGE = YES_ERROR;
				CLANG_WARN_DOCUMENTATION_COMMENTS = YES;
				CLANG_WARN_EMPTY_BODY = YES;
				CLANG_WARN_ENUM_CONVERSION = YES;
				CLANG_WARN_INFINITE_RECURSION = YES;
				CLANG_WARN_INT_CONVERSION = YES;
				CLANG_WARN_NON_LITERAL_NULL_CONVERSION = YES;
				CLANG_WARN_OBJC_IMPLICIT_RETAIN_SELF = YES;
				CLANG_WARN_OBJC_LITERAL_CONVERSION = YES;
				CLANG_WARN_OBJC_ROOT_CLASS = YES_ERROR;
				CLANG_WARN_RANGE_LOOP_ANALYSIS = YES;
				CLANG_WARN_STRICT_PROTOTYPES = YES;
				CLANG_WARN_SUSPICIOUS_MOVE = YES;
				CLANG_WARN_UNGUARDED_AVAILABILITY = YES_AGGRESSIVE;
				CLANG_WARN_UNREACHABLE_CODE = YES;
				CLANG_WARN__DUPLICATE_METHOD_MATCH = YES;
				COPY_PHASE_STRIP = NO;
				DEBUG_INFORMATION_FORMAT = "dwarf-with-dsym";
				ENABLE_NS_ASSERTIONS = NO;
				ENABLE_STRICT_OBJC_MSGSEND = YES;
				GCC_C_LANGUAGE_STANDARD = gnu11;
				GCC_NO_COMMON_BLOCKS = YES;
				GCC_WARN_64_TO_32_BIT_CONVERSION = YES;
				GCC_WARN_ABOUT_RETURN_TYPE = YES_ERROR;
				GCC_WARN_UNDECLARED_SELECTOR = YES;
				GCC_WARN_UNINITIALIZED_AUTOS = YES_AGGRESSIVE;
				GCC_WARN_UNUSED_FUNCTION = YES;
				GCC_WARN_UNUSED_VARIABLE = YES;
				IPHONEOS_DEPLOYMENT_TARGET = 13.0;
				MTL_ENABLE_DEBUG_INFO = NO;
				MTL_FAST_MATH = YES;
				SDKROOT = iphoneos;
				SWIFT_COMPILATION_MODE = wholemodule;
				SWIFT_OPTIMIZATION_LEVEL = "-O";
				VALIDATE_PRODUCT = YES;
			};
			name = Release;
		};
		8493CC08249E5C3D00BE5E06 /* Debug */ = {
			isa = XCBuildConfiguration;
			baseConfigurationReference = 9A8EA396C004C3B6969030B2 /* Pods-Messenger.debug.xcconfig */;
			buildSettings = {
				ASSETCATALOG_COMPILER_APPICON_NAME = AppIcon;
				CODE_SIGN_STYLE = Automatic;
				INFOPLIST_FILE = Messenger/Info.plist;
				IPHONEOS_DEPLOYMENT_TARGET = 13.0;
				LD_RUNPATH_SEARCH_PATHS = (
					"$(inherited)",
					"@executable_path/Frameworks",
				);
				PRODUCT_BUNDLE_IDENTIFIER = Long.Messenger;
				PRODUCT_NAME = "$(TARGET_NAME)";
				SWIFT_VERSION = 5.0;
				TARGETED_DEVICE_FAMILY = "1,2";
			};
			name = Debug;
		};
		8493CC09249E5C3D00BE5E06 /* Release */ = {
			isa = XCBuildConfiguration;
			baseConfigurationReference = 46B0983330EB24445AC8798F /* Pods-Messenger.release.xcconfig */;
			buildSettings = {
				ASSETCATALOG_COMPILER_APPICON_NAME = AppIcon;
				CODE_SIGN_STYLE = Automatic;
				INFOPLIST_FILE = Messenger/Info.plist;
				IPHONEOS_DEPLOYMENT_TARGET = 13.0;
				LD_RUNPATH_SEARCH_PATHS = (
					"$(inherited)",
					"@executable_path/Frameworks",
				);
				PRODUCT_BUNDLE_IDENTIFIER = Long.Messenger;
				PRODUCT_NAME = "$(TARGET_NAME)";
				SWIFT_VERSION = 5.0;
				TARGETED_DEVICE_FAMILY = "1,2";
			};
			name = Release;
		};
/* End XCBuildConfiguration section */

/* Begin XCConfigurationList section */
		8493CBEE249E5C3B00BE5E06 /* Build configuration list for PBXProject "Messenger" */ = {
			isa = XCConfigurationList;
			buildConfigurations = (
				8493CC05249E5C3D00BE5E06 /* Debug */,
				8493CC06249E5C3D00BE5E06 /* Release */,
			);
			defaultConfigurationIsVisible = 0;
			defaultConfigurationName = Release;
		};
		8493CC07249E5C3D00BE5E06 /* Build configuration list for PBXNativeTarget "Messenger" */ = {
			isa = XCConfigurationList;
			buildConfigurations = (
				8493CC08249E5C3D00BE5E06 /* Debug */,
				8493CC09249E5C3D00BE5E06 /* Release */,
			);
			defaultConfigurationIsVisible = 0;
			defaultConfigurationName = Release;
		};
/* End XCConfigurationList section */
	};
	rootObject = 8493CBEB249E5C3B00BE5E06 /* Project object */;
}
